// !$*UTF8*$!
{
	archiveVersion = 1;
	classes = {
	};
	objectVersion = 55;
	objects = {

/* Begin PBXBuildFile section */
		2BA2A7602906B36E009BEAB3 /* AppDelegate.swift in Sources */ = {isa = PBXBuildFile; fileRef = 2BA2A75F2906B36E009BEAB3 /* AppDelegate.swift */; };
		2BA2A7622906B36E009BEAB3 /* SceneDelegate.swift in Sources */ = {isa = PBXBuildFile; fileRef = 2BA2A7612906B36E009BEAB3 /* SceneDelegate.swift */; };
		2BA2A7642906B36E009BEAB3 /* ViewController.swift in Sources */ = {isa = PBXBuildFile; fileRef = 2BA2A7632906B36E009BEAB3 /* ViewController.swift */; };
		2BA2A7672906B36E009BEAB3 /* Main.storyboard in Resources */ = {isa = PBXBuildFile; fileRef = 2BA2A7652906B36E009BEAB3 /* Main.storyboard */; };
		2BA2A7692906B36F009BEAB3 /* Assets.xcassets in Resources */ = {isa = PBXBuildFile; fileRef = 2BA2A7682906B36F009BEAB3 /* Assets.xcassets */; };
		2BA2A76C2906B36F009BEAB3 /* LaunchScreen.storyboard in Resources */ = {isa = PBXBuildFile; fileRef = 2BA2A76A2906B36F009BEAB3 /* LaunchScreen.storyboard */; };
		2BA2A7772906B36F009BEAB3 /* HelloWorldTests.swift in Sources */ = {isa = PBXBuildFile; fileRef = 2BA2A7762906B36F009BEAB3 /* HelloWorldTests.swift */; };
		2BA2A7812906B36F009BEAB3 /* HelloWorldUITests.swift in Sources */ = {isa = PBXBuildFile; fileRef = 2BA2A7802906B36F009BEAB3 /* HelloWorldUITests.swift */; };
		2BA2A7832906B36F009BEAB3 /* HelloWorldUITestsLaunchTests.swift in Sources */ = {isa = PBXBuildFile; fileRef = 2BA2A7822906B36F009BEAB3 /* HelloWorldUITestsLaunchTests.swift */; };
/* End PBXBuildFile section */

/* Begin PBXContainerItemProxy section */
		2BA2A7732906B36F009BEAB3 /* PBXContainerItemProxy */ = {
			isa = PBXContainerItemProxy;
			containerPortal = 2BA2A7542906B36E009BEAB3 /* Project object */;
			proxyType = 1;
			remoteGlobalIDString = 2BA2A75B2906B36E009BEAB3;
			remoteInfo = HelloWorld;
		};
		2BA2A77D2906B36F009BEAB3 /* PBXContainerItemProxy */ = {
			isa = PBXContainerItemProxy;
			containerPortal = 2BA2A7542906B36E009BEAB3 /* Project object */;
			proxyType = 1;
			remoteGlobalIDString = 2BA2A75B2906B36E009BEAB3;
			remoteInfo = HelloWorld;
		};
/* End PBXContainerItemProxy section */

/* Begin PBXFileReference section */
		2BA2A75C2906B36E009BEAB3 /* HelloWorld.app */ = {isa = PBXFileReference; explicitFileType = wrapper.application; includeInIndex = 0; path = HelloWorld.app; sourceTree = BUILT_PRODUCTS_DIR; };
		2BA2A75F2906B36E009BEAB3 /* AppDelegate.swift */ = {isa = PBXFileReference; lastKnownFileType = sourcecode.swift; path = AppDelegate.swift; sourceTree = "<group>"; };
		2BA2A7612906B36E009BEAB3 /* SceneDelegate.swift */ = {isa = PBXFileReference; lastKnownFileType = sourcecode.swift; path = SceneDelegate.swift; sourceTree = "<group>"; };
		2BA2A7632906B36E009BEAB3 /* ViewController.swift */ = {isa = PBXFileReference; lastKnownFileType = sourcecode.swift; path = ViewController.swift; sourceTree = "<group>"; };
		2BA2A7662906B36E009BEAB3 /* Base */ = {isa = PBXFileReference; lastKnownFileType = file.storyboard; name = Base; path = Base.lproj/Main.storyboard; sourceTree = "<group>"; };
		2BA2A7682906B36F009BEAB3 /* Assets.xcassets */ = {isa = PBXFileReference; lastKnownFileType = folder.assetcatalog; path = Assets.xcassets; sourceTree = "<group>"; };
		2BA2A76B2906B36F009BEAB3 /* Base */ = {isa = PBXFileReference; lastKnownFileType = file.storyboard; name = Base; path = Base.lproj/LaunchScreen.storyboard; sourceTree = "<group>"; };
		2BA2A76D2906B36F009BEAB3 /* Info.plist */ = {isa = PBXFileReference; lastKnownFileType = text.plist.xml; path = Info.plist; sourceTree = "<group>"; };
		2BA2A7722906B36F009BEAB3 /* HelloWorldTests.xctest */ = {isa = PBXFileReference; explicitFileType = wrapper.cfbundle; includeInIndex = 0; path = HelloWorldTests.xctest; sourceTree = BUILT_PRODUCTS_DIR; };
		2BA2A7762906B36F009BEAB3 /* HelloWorldTests.swift */ = {isa = PBXFileReference; lastKnownFileType = sourcecode.swift; path = HelloWorldTests.swift; sourceTree = "<group>"; };
		2BA2A77C2906B36F009BEAB3 /* HelloWorldUITests.xctest */ = {isa = PBXFileReference; explicitFileType = wrapper.cfbundle; includeInIndex = 0; path = HelloWorldUITests.xctest; sourceTree = BUILT_PRODUCTS_DIR; };
		2BA2A7802906B36F009BEAB3 /* HelloWorldUITests.swift */ = {isa = PBXFileReference; lastKnownFileType = sourcecode.swift; path = HelloWorldUITests.swift; sourceTree = "<group>"; };
		2BA2A7822906B36F009BEAB3 /* HelloWorldUITestsLaunchTests.swift */ = {isa = PBXFileReference; lastKnownFileType = sourcecode.swift; path = HelloWorldUITestsLaunchTests.swift; sourceTree = "<group>"; };
/* End PBXFileReference section */

/* Begin PBXFrameworksBuildPhase section */
		2BA2A7592906B36E009BEAB3 /* Frameworks */ = {
			isa = PBXFrameworksBuildPhase;
			buildActionMask = 2147483647;
			files = (
			);
			runOnlyForDeploymentPostprocessing = 0;
		};
		2BA2A76F2906B36F009BEAB3 /* Frameworks */ = {
			isa = PBXFrameworksBuildPhase;
			buildActionMask = 2147483647;
			files = (
			);
			runOnlyForDeploymentPostprocessing = 0;
		};
		2BA2A7792906B36F009BEAB3 /* Frameworks */ = {
			isa = PBXFrameworksBuildPhase;
			buildActionMask = 2147483647;
			files = (
			);
			runOnlyForDeploymentPostprocessing = 0;
		};
/* End PBXFrameworksBuildPhase section */

/* Begin PBXGroup section */
		2BA2A7532906B36E009BEAB3 = {
			isa = PBXGroup;
			children = (
				2BA2A75E2906B36E009BEAB3 /* HelloWorld */,
				2BA2A7752906B36F009BEAB3 /* HelloWorldTests */,
				2BA2A77F2906B36F009BEAB3 /* HelloWorldUITests */,
				2BA2A75D2906B36E009BEAB3 /* Products */,
			);
			sourceTree = "<group>";
		};
		2BA2A75D2906B36E009BEAB3 /* Products */ = {
			isa = PBXGroup;
			children = (
				2BA2A75C2906B36E009BEAB3 /* HelloWorld.app */,
				2BA2A7722906B36F009BEAB3 /* HelloWorldTests.xctest */,
				2BA2A77C2906B36F009BEAB3 /* HelloWorldUITests.xctest */,
			);
			name = Products;
			sourceTree = "<group>";
		};
		2BA2A75E2906B36E009BEAB3 /* HelloWorld */ = {
			isa = PBXGroup;
			children = (
				2BA2A75F2906B36E009BEAB3 /* AppDelegate.swift */,
				2BA2A7612906B36E009BEAB3 /* SceneDelegate.swift */,
				2BA2A7632906B36E009BEAB3 /* ViewController.swift */,
				2BA2A7652906B36E009BEAB3 /* Main.storyboard */,
				2BA2A7682906B36F009BEAB3 /* Assets.xcassets */,
				2BA2A76A2906B36F009BEAB3 /* LaunchScreen.storyboard */,
				2BA2A76D2906B36F009BEAB3 /* Info.plist */,
			);
			path = HelloWorld;
			sourceTree = "<group>";
		};
		2BA2A7752906B36F009BEAB3 /* HelloWorldTests */ = {
			isa = PBXGroup;
			children = (
				2BA2A7762906B36F009BEAB3 /* HelloWorldTests.swift */,
			);
			path = HelloWorldTests;
			sourceTree = "<group>";
		};
		2BA2A77F2906B36F009BEAB3 /* HelloWorldUITests */ = {
			isa = PBXGroup;
			children = (
				2BA2A7802906B36F009BEAB3 /* HelloWorldUITests.swift */,
				2BA2A7822906B36F009BEAB3 /* HelloWorldUITestsLaunchTests.swift */,
			);
			path = HelloWorldUITests;
			sourceTree = "<group>";
		};
/* End PBXGroup section */

/* Begin PBXNativeTarget section */
		2BA2A75B2906B36E009BEAB3 /* HelloWorld */ = {
			isa = PBXNativeTarget;
			buildConfigurationList = 2BA2A7862906B36F009BEAB3 /* Build configuration list for PBXNativeTarget "HelloWorld" */;
			buildPhases = (
				2BA2A7582906B36E009BEAB3 /* Sources */,
				2BA2A7592906B36E009BEAB3 /* Frameworks */,
				2BA2A75A2906B36E009BEAB3 /* Resources */,
			);
			buildRules = (
			);
			dependencies = (
			);
			name = HelloWorld;
			productName = HelloWorld;
			productReference = 2BA2A75C2906B36E009BEAB3 /* HelloWorld.app */;
			productType = "com.apple.product-type.application";
		};
		2BA2A7712906B36F009BEAB3 /* HelloWorldTests */ = {
			isa = PBXNativeTarget;
			buildConfigurationList = 2BA2A7892906B36F009BEAB3 /* Build configuration list for PBXNativeTarget "HelloWorldTests" */;
			buildPhases = (
				2BA2A76E2906B36F009BEAB3 /* Sources */,
				2BA2A76F2906B36F009BEAB3 /* Frameworks */,
				2BA2A7702906B36F009BEAB3 /* Resources */,
			);
			buildRules = (
			);
			dependencies = (
				2BA2A7742906B36F009BEAB3 /* PBXTargetDependency */,
			);
			name = HelloWorldTests;
			productName = HelloWorldTests;
			productReference = 2BA2A7722906B36F009BEAB3 /* HelloWorldTests.xctest */;
			productType = "com.apple.product-type.bundle.unit-test";
		};
		2BA2A77B2906B36F009BEAB3 /* HelloWorldUITests */ = {
			isa = PBXNativeTarget;
			buildConfigurationList = 2BA2A78C2906B36F009BEAB3 /* Build configuration list for PBXNativeTarget "HelloWorldUITests" */;
			buildPhases = (
				2BA2A7782906B36F009BEAB3 /* Sources */,
				2BA2A7792906B36F009BEAB3 /* Frameworks */,
				2BA2A77A2906B36F009BEAB3 /* Resources */,
			);
			buildRules = (
			);
			dependencies = (
				2BA2A77E2906B36F009BEAB3 /* PBXTargetDependency */,
			);
			name = HelloWorldUITests;
			productName = HelloWorldUITests;
			productReference = 2BA2A77C2906B36F009BEAB3 /* HelloWorldUITests.xctest */;
			productType = "com.apple.product-type.bundle.ui-testing";
		};
/* End PBXNativeTarget section */

/* Begin PBXProject section */
		2BA2A7542906B36E009BEAB3 /* Project object */ = {
			isa = PBXProject;
			attributes = {
				BuildIndependentTargetsInParallel = 1;
				LastSwiftUpdateCheck = 1340;
				LastUpgradeCheck = 1340;
				TargetAttributes = {
					2BA2A75B2906B36E009BEAB3 = {
						CreatedOnToolsVersion = 13.4.1;
					};
					2BA2A7712906B36F009BEAB3 = {
						CreatedOnToolsVersion = 13.4.1;
						TestTargetID = 2BA2A75B2906B36E009BEAB3;
					};
					2BA2A77B2906B36F009BEAB3 = {
						CreatedOnToolsVersion = 13.4.1;
						TestTargetID = 2BA2A75B2906B36E009BEAB3;
					};
				};
			};
			buildConfigurationList = 2BA2A7572906B36E009BEAB3 /* Build configuration list for PBXProject "HelloWorld" */;
			compatibilityVersion = "Xcode 13.0";
			developmentRegion = en;
			hasScannedForEncodings = 0;
			knownRegions = (
				en,
				Base,
			);
			mainGroup = 2BA2A7532906B36E009BEAB3;
			productRefGroup = 2BA2A75D2906B36E009BEAB3 /* Products */;
			projectDirPath = "";
			projectRoot = "";
			targets = (
				2BA2A75B2906B36E009BEAB3 /* HelloWorld */,
				2BA2A7712906B36F009BEAB3 /* HelloWorldTests */,
				2BA2A77B2906B36F009BEAB3 /* HelloWorldUITests */,
			);
		};
/* End PBXProject section */

/* Begin PBXResourcesBuildPhase section */
		2BA2A75A2906B36E009BEAB3 /* Resources */ = {
			isa = PBXResourcesBuildPhase;
			buildActionMask = 2147483647;
			files = (
				2BA2A76C2906B36F009BEAB3 /* LaunchScreen.storyboard in Resources */,
				2BA2A7692906B36F009BEAB3 /* Assets.xcassets in Resources */,
				2BA2A7672906B36E009BEAB3 /* Main.storyboard in Resources */,
			);
			runOnlyForDeploymentPostprocessing = 0;
		};
		2BA2A7702906B36F009BEAB3 /* Resources */ = {
			isa = PBXResourcesBuildPhase;
			buildActionMask = 2147483647;
			files = (
			);
			runOnlyForDeploymentPostprocessing = 0;
		};
		2BA2A77A2906B36F009BEAB3 /* Resources */ = {
			isa = PBXResourcesBuildPhase;
			buildActionMask = 2147483647;
			files = (
			);
			runOnlyForDeploymentPostprocessing = 0;
		};
/* End PBXResourcesBuildPhase section */

/* Begin PBXSourcesBuildPhase section */
		2BA2A7582906B36E009BEAB3 /* Sources */ = {
			isa = PBXSourcesBuildPhase;
			buildActionMask = 2147483647;
			files = (
				2BA2A7642906B36E009BEAB3 /* ViewController.swift in Sources */,
				2BA2A7602906B36E009BEAB3 /* AppDelegate.swift in Sources */,
				2BA2A7622906B36E009BEAB3 /* SceneDelegate.swift in Sources */,
			);
			runOnlyForDeploymentPostprocessing = 0;
		};
		2BA2A76E2906B36F009BEAB3 /* Sources */ = {
			isa = PBXSourcesBuildPhase;
			buildActionMask = 2147483647;
			files = (
				2BA2A7772906B36F009BEAB3 /* HelloWorldTests.swift in Sources */,
			);
			runOnlyForDeploymentPostprocessing = 0;
		};
		2BA2A7782906B36F009BEAB3 /* Sources */ = {
			isa = PBXSourcesBuildPhase;
			buildActionMask = 2147483647;
			files = (
				2BA2A7832906B36F009BEAB3 /* HelloWorldUITestsLaunchTests.swift in Sources */,
				2BA2A7812906B36F009BEAB3 /* HelloWorldUITests.swift in Sources */,
			);
			runOnlyForDeploymentPostprocessing = 0;
		};
/* End PBXSourcesBuildPhase section */

/* Begin PBXTargetDependency section */
		2BA2A7742906B36F009BEAB3 /* PBXTargetDependency */ = {
			isa = PBXTargetDependency;
			target = 2BA2A75B2906B36E009BEAB3 /* HelloWorld */;
			targetProxy = 2BA2A7732906B36F009BEAB3 /* PBXContainerItemProxy */;
		};
		2BA2A77E2906B36F009BEAB3 /* PBXTargetDependency */ = {
			isa = PBXTargetDependency;
			target = 2BA2A75B2906B36E009BEAB3 /* HelloWorld */;
			targetProxy = 2BA2A77D2906B36F009BEAB3 /* PBXContainerItemProxy */;
		};
/* End PBXTargetDependency section */

/* Begin PBXVariantGroup section */
		2BA2A7652906B36E009BEAB3 /* Main.storyboard */ = {
			isa = PBXVariantGroup;
			children = (
				2BA2A7662906B36E009BEAB3 /* Base */,
			);
			name = Main.storyboard;
			sourceTree = "<group>";
		};
		2BA2A76A2906B36F009BEAB3 /* LaunchScreen.storyboard */ = {
			isa = PBXVariantGroup;
			children = (
				2BA2A76B2906B36F009BEAB3 /* Base */,
			);
			name = LaunchScreen.storyboard;
			sourceTree = "<group>";
		};
/* End PBXVariantGroup section */

/* Begin XCBuildConfiguration section */
		2BA2A7842906B36F009BEAB3 /* Debug */ = {
			isa = XCBuildConfiguration;
			buildSettings = {
				ALWAYS_SEARCH_USER_PATHS = NO;
				CLANG_ANALYZER_NONNULL = YES;
				CLANG_ANALYZER_NUMBER_OBJECT_CONVERSION = YES_AGGRESSIVE;
				CLANG_CXX_LANGUAGE_STANDARD = "gnu++17";
				CLANG_ENABLE_MODULES = YES;
				CLANG_ENABLE_OBJC_ARC = YES;
				CLANG_ENABLE_OBJC_WEAK = YES;
				CLANG_WARN_BLOCK_CAPTURE_AUTORELEASING = YES;
				CLANG_WARN_BOOL_CONVERSION = YES;
				CLANG_WARN_COMMA = YES;
				CLANG_WARN_CONSTANT_CONVERSION = YES;
				CLANG_WARN_DEPRECATED_OBJC_IMPLEMENTATIONS = YES;
				CLANG_WARN_DIRECT_OBJC_ISA_USAGE = YES_ERROR;
				CLANG_WARN_DOCUMENTATION_COMMENTS = YES;
				CLANG_WARN_EMPTY_BODY = YES;
				CLANG_WARN_ENUM_CONVERSION = YES;
				CLANG_WARN_INFINITE_RECURSION = YES;
				CLANG_WARN_INT_CONVERSION = YES;
				CLANG_WARN_NON_LITERAL_NULL_CONVERSION = YES;
				CLANG_WARN_OBJC_IMPLICIT_RETAIN_SELF = YES;
				CLANG_WARN_OBJC_LITERAL_CONVERSION = YES;
				CLANG_WARN_OBJC_ROOT_CLASS = YES_ERROR;
				CLANG_WARN_QUOTED_INCLUDE_IN_FRAMEWORK_HEADER = YES;
				CLANG_WARN_RANGE_LOOP_ANALYSIS = YES;
				CLANG_WARN_STRICT_PROTOTYPES = YES;
				CLANG_WARN_SUSPICIOUS_MOVE = YES;
				CLANG_WARN_UNGUARDED_AVAILABILITY = YES_AGGRESSIVE;
				CLANG_WARN_UNREACHABLE_CODE = YES;
				CLANG_WARN__DUPLICATE_METHOD_MATCH = YES;
				COPY_PHASE_STRIP = NO;
				DEBUG_INFORMATION_FORMAT = dwarf;
				ENABLE_STRICT_OBJC_MSGSEND = YES;
				ENABLE_TESTABILITY = YES;
				GCC_C_LANGUAGE_STANDARD = gnu11;
				GCC_DYNAMIC_NO_PIC = NO;
				GCC_NO_COMMON_BLOCKS = YES;
				GCC_OPTIMIZATION_LEVEL = 0;
				GCC_PREPROCESSOR_DEFINITIONS = (
					"DEBUG=1",
					"$(inherited)",
				);
				GCC_WARN_64_TO_32_BIT_CONVERSION = YES;
				GCC_WARN_ABOUT_RETURN_TYPE = YES_ERROR;
				GCC_WARN_UNDECLARED_SELECTOR = YES;
				GCC_WARN_UNINITIALIZED_AUTOS = YES_AGGRESSIVE;
				GCC_WARN_UNUSED_FUNCTION = YES;
				GCC_WARN_UNUSED_VARIABLE = YES;
				IPHONEOS_DEPLOYMENT_TARGET = 15.5;
				MTL_ENABLE_DEBUG_INFO = INCLUDE_SOURCE;
				MTL_FAST_MATH = YES;
				ONLY_ACTIVE_ARCH = YES;
				SDKROOT = iphoneos;
				SWIFT_ACTIVE_COMPILATION_CONDITIONS = DEBUG;
				SWIFT_OPTIMIZATION_LEVEL = "-Onone";
			};
			name = Debug;
		};
		2BA2A7852906B36F009BEAB3 /* Release */ = {
			isa = XCBuildConfiguration;
			buildSettings = {
				ALWAYS_SEARCH_USER_PATHS = NO;
				CLANG_ANALYZER_NONNULL = YES;
				CLANG_ANALYZER_NUMBER_OBJECT_CONVERSION = YES_AGGRESSIVE;
				CLANG_CXX_LANGUAGE_STANDARD = "gnu++17";
				CLANG_ENABLE_MODULES = YES;
				CLANG_ENABLE_OBJC_ARC = YES;
				CLANG_ENABLE_OBJC_WEAK = YES;
				CLANG_WARN_BLOCK_CAPTURE_AUTORELEASING = YES;
				CLANG_WARN_BOOL_CONVERSION = YES;
				CLANG_WARN_COMMA = YES;
				CLANG_WARN_CONSTANT_CONVERSION = YES;
				CLANG_WARN_DEPRECATED_OBJC_IMPLEMENTATIONS = YES;
				CLANG_WARN_DIRECT_OBJC_ISA_USAGE = YES_ERROR;
				CLANG_WARN_DOCUMENTATION_COMMENTS = YES;
				CLANG_WARN_EMPTY_BODY = YES;
				CLANG_WARN_ENUM_CONVERSION = YES;
				CLANG_WARN_INFINITE_RECURSION = YES;
				CLANG_WARN_INT_CONVERSION = YES;
				CLANG_WARN_NON_LITERAL_NULL_CONVERSION = YES;
				CLANG_WARN_OBJC_IMPLICIT_RETAIN_SELF = YES;
				CLANG_WARN_OBJC_LITERAL_CONVERSION = YES;
				CLANG_WARN_OBJC_ROOT_CLASS = YES_ERROR;
				CLANG_WARN_QUOTED_INCLUDE_IN_FRAMEWORK_HEADER = YES;
				CLANG_WARN_RANGE_LOOP_ANALYSIS = YES;
				CLANG_WARN_STRICT_PROTOTYPES = YES;
				CLANG_WARN_SUSPICIOUS_MOVE = YES;
				CLANG_WARN_UNGUARDED_AVAILABILITY = YES_AGGRESSIVE;
				CLANG_WARN_UNREACHABLE_CODE = YES;
				CLANG_WARN__DUPLICATE_METHOD_MATCH = YES;
				COPY_PHASE_STRIP = NO;
				DEBUG_INFORMATION_FORMAT = "dwarf-with-dsym";
				ENABLE_NS_ASSERTIONS = NO;
				ENABLE_STRICT_OBJC_MSGSEND = YES;
				GCC_C_LANGUAGE_STANDARD = gnu11;
				GCC_NO_COMMON_BLOCKS = YES;
				GCC_WARN_64_TO_32_BIT_CONVERSION = YES;
				GCC_WARN_ABOUT_RETURN_TYPE = YES_ERROR;
				GCC_WARN_UNDECLARED_SELECTOR = YES;
				GCC_WARN_UNINITIALIZED_AUTOS = YES_AGGRESSIVE;
				GCC_WARN_UNUSED_FUNCTION = YES;
				GCC_WARN_UNUSED_VARIABLE = YES;
				IPHONEOS_DEPLOYMENT_TARGET = 15.5;
				MTL_ENABLE_DEBUG_INFO = NO;
				MTL_FAST_MATH = YES;
				SDKROOT = iphoneos;
				SWIFT_COMPILATION_MODE = wholemodule;
				SWIFT_OPTIMIZATION_LEVEL = "-O";
				VALIDATE_PRODUCT = YES;
			};
			name = Release;
		};
		2BA2A7872906B36F009BEAB3 /* Debug */ = {
			isa = XCBuildConfiguration;
			buildSettings = {
				ASSETCATALOG_COMPILER_APPICON_NAME = AppIcon;
				ASSETCATALOG_COMPILER_GLOBAL_ACCENT_COLOR_NAME = AccentColor;
				CODE_SIGN_STYLE = Automatic;
				CURRENT_PROJECT_VERSION = 1;
				DEVELOPMENT_TEAM = 7MYQ7W5DQV;
				GENERATE_INFOPLIST_FILE = YES;
				INFOPLIST_FILE = HelloWorld/Info.plist;
				INFOPLIST_KEY_UIApplicationSupportsIndirectInputEvents = YES;
				INFOPLIST_KEY_UILaunchStoryboardName = LaunchScreen;
				INFOPLIST_KEY_UIMainStoryboardFile = Main;
				INFOPLIST_KEY_UISupportedInterfaceOrientations_iPad = "UIInterfaceOrientationPortrait UIInterfaceOrientationPortraitUpsideDown UIInterfaceOrientationLandscapeLeft UIInterfaceOrientationLandscapeRight";
				INFOPLIST_KEY_UISupportedInterfaceOrientations_iPhone = "UIInterfaceOrientationPortrait UIInterfaceOrientationLandscapeLeft UIInterfaceOrientationLandscapeRight";
				LD_RUNPATH_SEARCH_PATHS = (
					"$(inherited)",
					"@executable_path/Frameworks",
				);
				MARKETING_VERSION = 1.0;
				PRODUCT_BUNDLE_IDENTIFIER = zahra.HelloWorld;
				PRODUCT_NAME = "$(TARGET_NAME)";
				SWIFT_EMIT_LOC_STRINGS = YES;
				SWIFT_VERSION = 5.0;
				TARGETED_DEVICE_FAMILY = "1,2";
			};
			name = Debug;
		};
		2BA2A7882906B36F009BEAB3 /* Release */ = {
			isa = XCBuildConfiguration;
			buildSettings = {
				ASSETCATALOG_COMPILER_APPICON_NAME = AppIcon;
				ASSETCATALOG_COMPILER_GLOBAL_ACCENT_COLOR_NAME = AccentColor;
				CODE_SIGN_STYLE = Automatic;
				CURRENT_PROJECT_VERSION = 1;
				DEVELOPMENT_TEAM = 7MYQ7W5DQV;
				GENERATE_INFOPLIST_FILE = YES;
				INFOPLIST_FILE = HelloWorld/Info.plist;
				INFOPLIST_KEY_UIApplicationSupportsIndirectInputEvents = YES;
				INFOPLIST_KEY_UILaunchStoryboardName = LaunchScreen;
				INFOPLIST_KEY_UIMainStoryboardFile = Main;
				INFOPLIST_KEY_UISupportedInterfaceOrientations_iPad = "UIInterfaceOrientationPortrait UIInterfaceOrientationPortraitUpsideDown UIInterfaceOrientationLandscapeLeft UIInterfaceOrientationLandscapeRight";
				INFOPLIST_KEY_UISupportedInterfaceOrientations_iPhone = "UIInterfaceOrientationPortrait UIInterfaceOrientationLandscapeLeft UIInterfaceOrientationLandscapeRight";
				LD_RUNPATH_SEARCH_PATHS = (
					"$(inherited)",
					"@executable_path/Frameworks",
				);
				MARKETING_VERSION = 1.0;
				PRODUCT_BUNDLE_IDENTIFIER = zahra.HelloWorld;
				PRODUCT_NAME = "$(TARGET_NAME)";
				SWIFT_EMIT_LOC_STRINGS = YES;
				SWIFT_VERSION = 5.0;
				TARGETED_DEVICE_FAMILY = "1,2";
			};
			name = Release;
		};
		2BA2A78A2906B36F009BEAB3 /* Debug */ = {
			isa = XCBuildConfiguration;
			buildSettings = {
				ALWAYS_EMBED_SWIFT_STANDARD_LIBRARIES = YES;
				BUNDLE_LOADER = "$(TEST_HOST)";
				CODE_SIGN_STYLE = Automatic;
				CURRENT_PROJECT_VERSION = 1;
				DEVELOPMENT_TEAM = 7MYQ7W5DQV;
				GENERATE_INFOPLIST_FILE = YES;
				IPHONEOS_DEPLOYMENT_TARGET = 15.5;
				MARKETING_VERSION = 1.0;
				PRODUCT_BUNDLE_IDENTIFIER = zahra.HelloWorldTests;
				PRODUCT_NAME = "$(TARGET_NAME)";
				SWIFT_EMIT_LOC_STRINGS = NO;
				SWIFT_VERSION = 5.0;
				TARGETED_DEVICE_FAMILY = "1,2";
				TEST_HOST = "$(BUILT_PRODUCTS_DIR)/HelloWorld.app/HelloWorld";
			};
			name = Debug;
		};
		2BA2A78B2906B36F009BEAB3 /* Release */ = {
			isa = XCBuildConfiguration;
			buildSettings = {
				ALWAYS_EMBED_SWIFT_STANDARD_LIBRARIES = YES;
				BUNDLE_LOADER = "$(TEST_HOST)";
				CODE_SIGN_STYLE = Automatic;
				CURRENT_PROJECT_VERSION = 1;
				DEVELOPMENT_TEAM = 7MYQ7W5DQV;
				GENERATE_INFOPLIST_FILE = YES;
				IPHONEOS_DEPLOYMENT_TARGET = 15.5;
				MARKETING_VERSION = 1.0;
				PRODUCT_BUNDLE_IDENTIFIER = zahra.HelloWorldTests;
				PRODUCT_NAME = "$(TARGET_NAME)";
				SWIFT_EMIT_LOC_STRINGS = NO;
				SWIFT_VERSION = 5.0;
				TARGETED_DEVICE_FAMILY = "1,2";
				TEST_HOST = "$(BUILT_PRODUCTS_DIR)/HelloWorld.app/HelloWorld";
			};
			name = Release;
		};
		2BA2A78D2906B36F009BEAB3 /* Debug */ = {
			isa = XCBuildConfiguration;
			buildSettings = {
				ALWAYS_EMBED_SWIFT_STANDARD_LIBRARIES = YES;
				CODE_SIGN_STYLE = Automatic;
				CURRENT_PROJECT_VERSION = 1;
				DEVELOPMENT_TEAM = 7MYQ7W5DQV;
				GENERATE_INFOPLIST_FILE = YES;
				MARKETING_VERSION = 1.0;
				PRODUCT_BUNDLE_IDENTIFIER = zahra.HelloWorldUITests;
				PRODUCT_NAME = "$(TARGET_NAME)";
				SWIFT_EMIT_LOC_STRINGS = NO;
				SWIFT_VERSION = 5.0;
				TARGETED_DEVICE_FAMILY = "1,2";
				TEST_TARGET_NAME = HelloWorld;
			};
			name = Debug;
		};
		2BA2A78E2906B36F009BEAB3 /* Release */ = {
			isa = XCBuildConfiguration;
			buildSettings = {
				ALWAYS_EMBED_SWIFT_STANDARD_LIBRARIES = YES;
				CODE_SIGN_STYLE = Automatic;
				CURRENT_PROJECT_VERSION = 1;
				DEVELOPMENT_TEAM = 7MYQ7W5DQV;
				GENERATE_INFOPLIST_FILE = YES;
				MARKETING_VERSION = 1.0;
				PRODUCT_BUNDLE_IDENTIFIER = zahra.HelloWorldUITests;
				PRODUCT_NAME = "$(TARGET_NAME)";
				SWIFT_EMIT_LOC_STRINGS = NO;
				SWIFT_VERSION = 5.0;
				TARGETED_DEVICE_FAMILY = "1,2";
				TEST_TARGET_NAME = HelloWorld;
			};
			name = Release;
		};
/* End XCBuildConfiguration section */

/* Begin XCConfigurationList section */
		2BA2A7572906B36E009BEAB3 /* Build configuration list for PBXProject "HelloWorld" */ = {
			isa = XCConfigurationList;
			buildConfigurations = (
				2BA2A7842906B36F009BEAB3 /* Debug */,
				2BA2A7852906B36F009BEAB3 /* Release */,
			);
			defaultConfigurationIsVisible = 0;
			defaultConfigurationName = Release;
		};
		2BA2A7862906B36F009BEAB3 /* Build configuration list for PBXNativeTarget "HelloWorld" */ = {
			isa = XCConfigurationList;
			buildConfigurations = (
				2BA2A7872906B36F009BEAB3 /* Debug */,
				2BA2A7882906B36F009BEAB3 /* Release */,
			);
			defaultConfigurationIsVisible = 0;
			defaultConfigurationName = Release;
		};
		2BA2A7892906B36F009BEAB3 /* Build configuration list for PBXNativeTarget "HelloWorldTests" */ = {
			isa = XCConfigurationList;
			buildConfigurations = (
				2BA2A78A2906B36F009BEAB3 /* Debug */,
				2BA2A78B2906B36F009BEAB3 /* Release */,
			);
			defaultConfigurationIsVisible = 0;
			defaultConfigurationName = Release;
		};
		2BA2A78C2906B36F009BEAB3 /* Build configuration list for PBXNativeTarget "HelloWorldUITests" */ = {
			isa = XCConfigurationList;
			buildConfigurations = (
				2BA2A78D2906B36F009BEAB3 /* Debug */,
				2BA2A78E2906B36F009BEAB3 /* Release */,
			);
			defaultConfigurationIsVisible = 0;
			defaultConfigurationName = Release;
		};
/* End XCConfigurationList section */
	};
	rootObject = 2BA2A7542906B36E009BEAB3 /* Project object */;
}
